
Microsoft Visual Studio Solution File, Format Version 12.00
# Visual Studio 15
VisualStudioVersion = 15.0.26124.0
MinimumVisualStudioVersion = 15.0.26124.0
Project("{FAE04EC0-301F-11D3-BF4B-00C04F79EFBC}") = "SampleClassification.ConsoleApp", "SampleClassification.ConsoleApp\SampleClassification.ConsoleApp.csproj", "{E9CF6E00-BE2E-429D-AE11-0B601844BD74}"
EndProject
Project("{FAE04EC0-301F-11D3-BF4B-00C04F79EFBC}") = "SampleClassification.Model", "SampleClassification.Model\SampleClassification.Model.csproj", "{27C5BF67-933B-4B0D-9C08-242726DDE143}"
EndProject
Global
	GlobalSection(SolutionConfigurationPlatforms) = preSolution
		Debug|Any CPU = Debug|Any CPU
		Debug|x64 = Debug|x64
		Debug|x86 = Debug|x86
		Release|Any CPU = Release|Any CPU
		Release|x64 = Release|x64
		Release|x86 = Release|x86
	EndGlobalSection
	GlobalSection(SolutionProperties) = preSolution
		HideSolutionNode = FALSE
	EndGlobalSection
	GlobalSection(ProjectConfigurationPlatforms) = postSolution
		{E9CF6E00-BE2E-429D-AE11-0B601844BD74}.Debug|Any CPU.ActiveCfg = Debug|Any CPU
		{E9CF6E00-BE2E-429D-AE11-0B601844BD74}.Debug|Any CPU.Build.0 = Debug|Any CPU
		{E9CF6E00-BE2E-429D-AE11-0B601844BD74}.Debug|x64.ActiveCfg = Debug|Any CPU
		{E9CF6E00-BE2E-429D-AE11-0B601844BD74}.Debug|x64.Build.0 = Debug|Any CPU
		{E9CF6E00-BE2E-429D-AE11-0B601844BD74}.Debug|x86.ActiveCfg = Debug|Any CPU
		{E9CF6E00-BE2E-429D-AE11-0B601844BD74}.Debug|x86.Build.0 = Debug|Any CPU
		{E9CF6E00-BE2E-429D-AE11-0B601844BD74}.Release|Any CPU.ActiveCfg = Release|Any CPU
		{E9CF6E00-BE2E-429D-AE11-0B601844BD74}.Release|Any CPU.Build.0 = Release|Any CPU
		{E9CF6E00-BE2E-429D-AE11-0B601844BD74}.Release|x64.ActiveCfg = Release|Any CPU
		{E9CF6E00-BE2E-429D-AE11-0B601844BD74}.Release|x64.Build.0 = Release|Any CPU
		{E9CF6E00-BE2E-429D-AE11-0B601844BD74}.Release|x86.ActiveCfg = Release|Any CPU
		{E9CF6E00-BE2E-429D-AE11-0B601844BD74}.Release|x86.Build.0 = Release|Any CPU
		{27C5BF67-933B-4B0D-9C08-242726DDE143}.Debug|Any CPU.ActiveCfg = Debug|Any CPU
		{27C5BF67-933B-4B0D-9C08-242726DDE143}.Debug|Any CPU.Build.0 = Debug|Any CPU
		{27C5BF67-933B-4B0D-9C08-242726DDE143}.Debug|x64.ActiveCfg = Debug|Any CPU
		{27C5BF67-933B-4B0D-9C08-242726DDE143}.Debug|x64.Build.0 = Debug|Any CPU
		{27C5BF67-933B-4B0D-9C08-242726DDE143}.Debug|x86.ActiveCfg = Debug|Any CPU
		{27C5BF67-933B-4B0D-9C08-242726DDE143}.Debug|x86.Build.0 = Debug|Any CPU
		{27C5BF67-933B-4B0D-9C08-242726DDE143}.Release|Any CPU.ActiveCfg = Release|Any CPU
		{27C5BF67-933B-4B0D-9C08-242726DDE143}.Release|Any CPU.Build.0 = Release|Any CPU
		{27C5BF67-933B-4B0D-9C08-242726DDE143}.Release|x64.ActiveCfg = Release|Any CPU
		{27C5BF67-933B-4B0D-9C08-242726DDE143}.Release|x64.Build.0 = Release|Any CPU
		{27C5BF67-933B-4B0D-9C08-242726DDE143}.Release|x86.ActiveCfg = Release|Any CPU
		{27C5BF67-933B-4B0D-9C08-242726DDE143}.Release|x86.Build.0 = Release|Any CPU
	EndGlobalSection
EndGlobal
